// !$*UTF8*$!
{
	archiveVersion = 1;
	classes = {
	};
	objectVersion = 50;
	objects = {

/* Begin PBXBuildFile section */
		860B678F223164ED002A0ED7 /* main.cpp in Sources */ = {isa = PBXBuildFile; fileRef = 860B678E223164ED002A0ED7 /* main.cpp */; };
		860B679722316501002A0ED7 /* OpenGL.framework in Frameworks */ = {isa = PBXBuildFile; fileRef = 860B679622316501002A0ED7 /* OpenGL.framework */; };
		860B679922316513002A0ED7 /* libglut.3.10.0.dylib in Frameworks */ = {isa = PBXBuildFile; fileRef = 860B679822316513002A0ED7 /* libglut.3.10.0.dylib */; };
		860B679C2231654E002A0ED7 /* background.cpp in Sources */ = {isa = PBXBuildFile; fileRef = 860B679A2231654E002A0ED7 /* background.cpp */; };
		860B679F22316574002A0ED7 /* vehicle.cpp in Sources */ = {isa = PBXBuildFile; fileRef = 860B679D22316574002A0ED7 /* vehicle.cpp */; };
		860B67A222316595002A0ED7 /* utility.cpp in Sources */ = {isa = PBXBuildFile; fileRef = 860B67A022316595002A0ED7 /* utility.cpp */; };
		860B67A5223165BA002A0ED7 /* readConfig.cpp in Sources */ = {isa = PBXBuildFile; fileRef = 860B67A3223165BA002A0ED7 /* readConfig.cpp */; };
/* End PBXBuildFile section */

/* Begin PBXCopyFilesBuildPhase section */
		860B6789223164ED002A0ED7 /* CopyFiles */ = {
			isa = PBXCopyFilesBuildPhase;
			buildActionMask = 2147483647;
			dstPath = /usr/share/man/man1/;
			dstSubfolderSpec = 0;
			files = (
			);
			runOnlyForDeploymentPostprocessing = 1;
		};
/* End PBXCopyFilesBuildPhase section */

/* Begin PBXFileReference section */
		860B678B223164ED002A0ED7 /* trafficSimulation */ = {isa = PBXFileReference; explicitFileType = "compiled.mach-o.executable"; includeInIndex = 0; path = trafficSimulation; sourceTree = BUILT_PRODUCTS_DIR; };
		860B678E223164ED002A0ED7 /* main.cpp */ = {isa = PBXFileReference; lastKnownFileType = sourcecode.cpp.cpp; path = main.cpp; sourceTree = "<group>"; };
		860B679622316501002A0ED7 /* OpenGL.framework */ = {isa = PBXFileReference; lastKnownFileType = wrapper.framework; name = OpenGL.framework; path = System/Library/Frameworks/OpenGL.framework; sourceTree = SDKROOT; };
		860B679822316513002A0ED7 /* libglut.3.10.0.dylib */ = {isa = PBXFileReference; lastKnownFileType = "compiled.mach-o.dylib"; name = libglut.3.10.0.dylib; path = ../../../../../../../../usr/local/Cellar/freeglut/3.0.0/lib/libglut.3.10.0.dylib; sourceTree = "<group>"; };
		860B679A2231654E002A0ED7 /* background.cpp */ = {isa = PBXFileReference; lastKnownFileType = sourcecode.cpp.cpp; path = background.cpp; sourceTree = "<group>"; };
		860B679B2231654E002A0ED7 /* background.hpp */ = {isa = PBXFileReference; lastKnownFileType = sourcecode.cpp.h; path = background.hpp; sourceTree = "<group>"; };
		860B679D22316574002A0ED7 /* vehicle.cpp */ = {isa = PBXFileReference; lastKnownFileType = sourcecode.cpp.cpp; path = vehicle.cpp; sourceTree = "<group>"; };
		860B679E22316574002A0ED7 /* vehicle.hpp */ = {isa = PBXFileReference; lastKnownFileType = sourcecode.cpp.h; path = vehicle.hpp; sourceTree = "<group>"; };
		860B67A022316595002A0ED7 /* utility.cpp */ = {isa = PBXFileReference; lastKnownFileType = sourcecode.cpp.cpp; path = utility.cpp; sourceTree = "<group>"; };
		860B67A122316595002A0ED7 /* utility.hpp */ = {isa = PBXFileReference; lastKnownFileType = sourcecode.cpp.h; path = utility.hpp; sourceTree = "<group>"; };
		860B67A3223165BA002A0ED7 /* readConfig.cpp */ = {isa = PBXFileReference; lastKnownFileType = sourcecode.cpp.cpp; path = readConfig.cpp; sourceTree = "<group>"; };
		860B67A4223165BA002A0ED7 /* readConfig.hpp */ = {isa = PBXFileReference; lastKnownFileType = sourcecode.cpp.h; path = readConfig.hpp; sourceTree = "<group>"; };
		860B67A6223165E4002A0ED7 /* constants.hpp */ = {isa = PBXFileReference; lastKnownFileType = sourcecode.cpp.h; path = constants.hpp; sourceTree = "<group>"; };
		860B67A722316625002A0ED7 /* config.ini */ = {isa = PBXFileReference; lastKnownFileType = text; path = config.ini; sourceTree = "<group>"; };
/* End PBXFileReference section */

/* Begin PBXFrameworksBuildPhase section */
		860B6788223164ED002A0ED7 /* Frameworks */ = {
			isa = PBXFrameworksBuildPhase;
			buildActionMask = 2147483647;
			files = (
				860B679922316513002A0ED7 /* libglut.3.10.0.dylib in Frameworks */,
				860B679722316501002A0ED7 /* OpenGL.framework in Frameworks */,
			);
			runOnlyForDeploymentPostprocessing = 0;
		};
/* End PBXFrameworksBuildPhase section */

/* Begin PBXGroup section */
		860B6782223164ED002A0ED7 = {
			isa = PBXGroup;
			children = (
				860B678D223164ED002A0ED7 /* trafficSimulation */,
				860B678C223164ED002A0ED7 /* Products */,
				860B679522316501002A0ED7 /* Frameworks */,
			);
			sourceTree = "<group>";
		};
		860B678C223164ED002A0ED7 /* Products */ = {
			isa = PBXGroup;
			children = (
				860B678B223164ED002A0ED7 /* trafficSimulation */,
			);
			name = Products;
			sourceTree = "<group>";
		};
		860B678D223164ED002A0ED7 /* trafficSimulation */ = {
			isa = PBXGroup;
			children = (
				860B67A722316625002A0ED7 /* config.ini */,
				860B678E223164ED002A0ED7 /* main.cpp */,
				860B679A2231654E002A0ED7 /* background.cpp */,
				860B679B2231654E002A0ED7 /* background.hpp */,
				860B679D22316574002A0ED7 /* vehicle.cpp */,
				860B679E22316574002A0ED7 /* vehicle.hpp */,
				860B67A022316595002A0ED7 /* utility.cpp */,
				860B67A122316595002A0ED7 /* utility.hpp */,
				860B67A3223165BA002A0ED7 /* readConfig.cpp */,
				860B67A4223165BA002A0ED7 /* readConfig.hpp */,
				860B67A6223165E4002A0ED7 /* constants.hpp */,
			);
			path = trafficSimulation;
			sourceTree = "<group>";
		};
		860B679522316501002A0ED7 /* Frameworks */ = {
			isa = PBXGroup;
			children = (
				860B679822316513002A0ED7 /* libglut.3.10.0.dylib */,
				860B679622316501002A0ED7 /* OpenGL.framework */,
			);
			name = Frameworks;
			sourceTree = "<group>";
		};
/* End PBXGroup section */

/* Begin PBXNativeTarget section */
		860B678A223164ED002A0ED7 /* trafficSimulation */ = {
			isa = PBXNativeTarget;
			buildConfigurationList = 860B6792223164ED002A0ED7 /* Build configuration list for PBXNativeTarget "trafficSimulation" */;
			buildPhases = (
				860B6787223164ED002A0ED7 /* Sources */,
				860B6788223164ED002A0ED7 /* Frameworks */,
				860B6789223164ED002A0ED7 /* CopyFiles */,
			);
			buildRules = (
			);
			dependencies = (
			);
			name = trafficSimulation;
			productName = trafficSimulation;
			productReference = 860B678B223164ED002A0ED7 /* trafficSimulation */;
			productType = "com.apple.product-type.tool";
		};
/* End PBXNativeTarget section */

/* Begin PBXProject section */
		860B6783223164ED002A0ED7 /* Project object */ = {
			isa = PBXProject;
			attributes = {
				LastUpgradeCheck = 1010;
				ORGANIZATIONNAME = "Vivek Singal";
				TargetAttributes = {
					860B678A223164ED002A0ED7 = {
						CreatedOnToolsVersion = 10.1;
					};
				};
			};
			buildConfigurationList = 860B6786223164ED002A0ED7 /* Build configuration list for PBXProject "trafficSimulation" */;
			compatibilityVersion = "Xcode 9.3";
			developmentRegion = en;
			hasScannedForEncodings = 0;
			knownRegions = (
				en,
			);
			mainGroup = 860B6782223164ED002A0ED7;
			productRefGroup = 860B678C223164ED002A0ED7 /* Products */;
			projectDirPath = "";
			projectRoot = "";
			targets = (
				860B678A223164ED002A0ED7 /* trafficSimulation */,
			);
		};
/* End PBXProject section */

/* Begin PBXSourcesBuildPhase section */
		860B6787223164ED002A0ED7 /* Sources */ = {
			isa = PBXSourcesBuildPhase;
			buildActionMask = 2147483647;
			files = (
				860B67A5223165BA002A0ED7 /* readConfig.cpp in Sources */,
				860B67A222316595002A0ED7 /* utility.cpp in Sources */,
				860B678F223164ED002A0ED7 /* main.cpp in Sources */,
				860B679F22316574002A0ED7 /* vehicle.cpp in Sources */,
				860B679C2231654E002A0ED7 /* background.cpp in Sources */,
			);
			runOnlyForDeploymentPostprocessing = 0;
		};
/* End PBXSourcesBuildPhase section */

/* Begin XCBuildConfiguration section */
		860B6790223164ED002A0ED7 /* Debug */ = {
			isa = XCBuildConfiguration;
			buildSettings = {
				ALWAYS_SEARCH_USER_PATHS = NO;
				CLANG_ANALYZER_NONNULL = YES;
				CLANG_ANALYZER_NUMBER_OBJECT_CONVERSION = YES_AGGRESSIVE;
				CLANG_CXX_LANGUAGE_STANDARD = "gnu++14";
				CLANG_CXX_LIBRARY = "libc++";
				CLANG_ENABLE_MODULES = YES;
				CLANG_ENABLE_OBJC_ARC = YES;
				CLANG_ENABLE_OBJC_WEAK = YES;
				CLANG_WARN_BLOCK_CAPTURE_AUTORELEASING = YES;
				CLANG_WARN_BOOL_CONVERSION = YES;
				CLANG_WARN_COMMA = YES;
				CLANG_WARN_CONSTANT_CONVERSION = YES;
				CLANG_WARN_DEPRECATED_OBJC_IMPLEMENTATIONS = YES;
				CLANG_WARN_DIRECT_OBJC_ISA_USAGE = YES_ERROR;
				CLANG_WARN_DOCUMENTATION_COMMENTS = YES;
				CLANG_WARN_EMPTY_BODY = YES;
				CLANG_WARN_ENUM_CONVERSION = YES;
				CLANG_WARN_INFINITE_RECURSION = YES;
				CLANG_WARN_INT_CONVERSION = YES;
				CLANG_WARN_NON_LITERAL_NULL_CONVERSION = YES;
				CLANG_WARN_OBJC_IMPLICIT_RETAIN_SELF = YES;
				CLANG_WARN_OBJC_LITERAL_CONVERSION = YES;
				CLANG_WARN_OBJC_ROOT_CLASS = YES_ERROR;
				CLANG_WARN_RANGE_LOOP_ANALYSIS = YES;
				CLANG_WARN_STRICT_PROTOTYPES = YES;
				CLANG_WARN_SUSPICIOUS_MOVE = YES;
				CLANG_WARN_UNGUARDED_AVAILABILITY = YES_AGGRESSIVE;
				CLANG_WARN_UNREACHABLE_CODE = YES;
				CLANG_WARN__DUPLICATE_METHOD_MATCH = YES;
				CODE_SIGN_IDENTITY = "-";
				COPY_PHASE_STRIP = NO;
				DEBUG_INFORMATION_FORMAT = dwarf;
				ENABLE_STRICT_OBJC_MSGSEND = YES;
				ENABLE_TESTABILITY = YES;
				GCC_C_LANGUAGE_STANDARD = gnu11;
				GCC_DYNAMIC_NO_PIC = NO;
				GCC_NO_COMMON_BLOCKS = YES;
				GCC_OPTIMIZATION_LEVEL = 0;
				GCC_PREPROCESSOR_DEFINITIONS = (
					"DEBUG=1",
					"$(inherited)",
				);
				GCC_WARN_64_TO_32_BIT_CONVERSION = YES;
				GCC_WARN_ABOUT_RETURN_TYPE = YES_ERROR;
				GCC_WARN_UNDECLARED_SELECTOR = YES;
				GCC_WARN_UNINITIALIZED_AUTOS = YES_AGGRESSIVE;
				GCC_WARN_UNUSED_FUNCTION = YES;
				GCC_WARN_UNUSED_VARIABLE = YES;
				MACOSX_DEPLOYMENT_TARGET = 10.14;
				MTL_ENABLE_DEBUG_INFO = INCLUDE_SOURCE;
				MTL_FAST_MATH = YES;
				ONLY_ACTIVE_ARCH = YES;
				SDKROOT = macosx;
			};
			name = Debug;
		};
		860B6791223164ED002A0ED7 /* Release */ = {
			isa = XCBuildConfiguration;
			buildSettings = {
				ALWAYS_SEARCH_USER_PATHS = NO;
				CLANG_ANALYZER_NONNULL = YES;
				CLANG_ANALYZER_NUMBER_OBJECT_CONVERSION = YES_AGGRESSIVE;
				CLANG_CXX_LANGUAGE_STANDARD = "gnu++14";
				CLANG_CXX_LIBRARY = "libc++";
				CLANG_ENABLE_MODULES = YES;
				CLANG_ENABLE_OBJC_ARC = YES;
				CLANG_ENABLE_OBJC_WEAK = YES;
				CLANG_WARN_BLOCK_CAPTURE_AUTORELEASING = YES;
				CLANG_WARN_BOOL_CONVERSION = YES;
				CLANG_WARN_COMMA = YES;
				CLANG_WARN_CONSTANT_CONVERSION = YES;
				CLANG_WARN_DEPRECATED_OBJC_IMPLEMENTATIONS = YES;
				CLANG_WARN_DIRECT_OBJC_ISA_USAGE = YES_ERROR;
				CLANG_WARN_DOCUMENTATION_COMMENTS = YES;
				CLANG_WARN_EMPTY_BODY = YES;
				CLANG_WARN_ENUM_CONVERSION = YES;
				CLANG_WARN_INFINITE_RECURSION = YES;
				CLANG_WARN_INT_CONVERSION = YES;
				CLANG_WARN_NON_LITERAL_NULL_CONVERSION = YES;
				CLANG_WARN_OBJC_IMPLICIT_RETAIN_SELF = YES;
				CLANG_WARN_OBJC_LITERAL_CONVERSION = YES;
				CLANG_WARN_OBJC_ROOT_CLASS = YES_ERROR;
				CLANG_WARN_RANGE_LOOP_ANALYSIS = YES;
				CLANG_WARN_STRICT_PROTOTYPES = YES;
				CLANG_WARN_SUSPICIOUS_MOVE = YES;
				CLANG_WARN_UNGUARDED_AVAILABILITY = YES_AGGRESSIVE;
				CLANG_WARN_UNREACHABLE_CODE = YES;
				CLANG_WARN__DUPLICATE_METHOD_MATCH = YES;
				CODE_SIGN_IDENTITY = "-";
				COPY_PHASE_STRIP = NO;
				DEBUG_INFORMATION_FORMAT = "dwarf-with-dsym";
				ENABLE_NS_ASSERTIONS = NO;
				ENABLE_STRICT_OBJC_MSGSEND = YES;
				GCC_C_LANGUAGE_STANDARD = gnu11;
				GCC_NO_COMMON_BLOCKS = YES;
				GCC_WARN_64_TO_32_BIT_CONVERSION = YES;
				GCC_WARN_ABOUT_RETURN_TYPE = YES_ERROR;
				GCC_WARN_UNDECLARED_SELECTOR = YES;
				GCC_WARN_UNINITIALIZED_AUTOS = YES_AGGRESSIVE;
				GCC_WARN_UNUSED_FUNCTION = YES;
				GCC_WARN_UNUSED_VARIABLE = YES;
				MACOSX_DEPLOYMENT_TARGET = 10.14;
				MTL_ENABLE_DEBUG_INFO = NO;
				MTL_FAST_MATH = YES;
				SDKROOT = macosx;
			};
			name = Release;
		};
		860B6793223164ED002A0ED7 /* Debug */ = {
			isa = XCBuildConfiguration;
			buildSettings = {
				CODE_SIGN_STYLE = Automatic;
				HEADER_SEARCH_PATHS = /usr/local/include;
				LIBRARY_SEARCH_PATHS = (
					"$(inherited)",
					/usr/local/Cellar/freeglut/3.0.0/lib,
				);
				PRODUCT_NAME = "$(TARGET_NAME)";
			};
			name = Debug;
		};
		860B6794223164ED002A0ED7 /* Release */ = {
			isa = XCBuildConfiguration;
			buildSettings = {
				CODE_SIGN_STYLE = Automatic;
				HEADER_SEARCH_PATHS = /usr/local/include;
				LIBRARY_SEARCH_PATHS = (
					"$(inherited)",
					/usr/local/Cellar/freeglut/3.0.0/lib,
				);
				PRODUCT_NAME = "$(TARGET_NAME)";
			};
			name = Release;
		};
/* End XCBuildConfiguration section */

/* Begin XCConfigurationList section */
		860B6786223164ED002A0ED7 /* Build configuration list for PBXProject "trafficSimulation" */ = {
			isa = XCConfigurationList;
			buildConfigurations = (
				860B6790223164ED002A0ED7 /* Debug */,
				860B6791223164ED002A0ED7 /* Release */,
			);
			defaultConfigurationIsVisible = 0;
			defaultConfigurationName = Release;
		};
		860B6792223164ED002A0ED7 /* Build configuration list for PBXNativeTarget "trafficSimulation" */ = {
			isa = XCConfigurationList;
			buildConfigurations = (
				860B6793223164ED002A0ED7 /* Debug */,
				860B6794223164ED002A0ED7 /* Release */,
			);
			defaultConfigurationIsVisible = 0;
			defaultConfigurationName = Release;
		};
/* End XCConfigurationList section */
	};
	rootObject = 860B6783223164ED002A0ED7 /* Project object */;
}
